// !$*UTF8*$!
{
	archiveVersion = 1;
	classes = {
	};
	objectVersion = 50;
	objects = {

/* Begin PBXBuildFile section */
		E13E123325A38E110049E702 /* MeetingHeaderView.swift in Sources */ = {isa = PBXBuildFile; fileRef = E13E123225A38E110049E702 /* MeetingHeaderView.swift */; };
		E13E123925A395E00049E702 /* ScrumProgressViewStyle.swift in Sources */ = {isa = PBXBuildFile; fileRef = E13E123825A395E00049E702 /* ScrumProgressViewStyle.swift */; };
		E13E123E25A4CD8C0049E702 /* ScrumTimer.swift in Sources */ = {isa = PBXBuildFile; fileRef = E13E123D25A4CD8C0049E702 /* ScrumTimer.swift */; };
		E13E124325A4D4510049E702 /* MeetingFooterView.swift in Sources */ = {isa = PBXBuildFile; fileRef = E13E124225A4D4510049E702 /* MeetingFooterView.swift */; };
		E161A710259BCAFC00EF2F72 /* ScrumdingerApp.swift in Sources */ = {isa = PBXBuildFile; fileRef = E161A70F259BCAFC00EF2F72 /* ScrumdingerApp.swift */; };
		E161A712259BCAFC00EF2F72 /* MeetingView.swift in Sources */ = {isa = PBXBuildFile; fileRef = E161A711259BCAFC00EF2F72 /* MeetingView.swift */; };
		E161A714259BCAFF00EF2F72 /* Assets.xcassets in Resources */ = {isa = PBXBuildFile; fileRef = E161A713259BCAFF00EF2F72 /* Assets.xcassets */; };
		E161A717259BCAFF00EF2F72 /* Preview Assets.xcassets in Resources */ = {isa = PBXBuildFile; fileRef = E161A716259BCAFF00EF2F72 /* Preview Assets.xcassets */; };
		E161A722259BCB0000EF2F72 /* ScrumdingerTests.swift in Sources */ = {isa = PBXBuildFile; fileRef = E161A721259BCB0000EF2F72 /* ScrumdingerTests.swift */; };
		E161A72D259BCB0000EF2F72 /* ScrumdingerUITests.swift in Sources */ = {isa = PBXBuildFile; fileRef = E161A72C259BCB0000EF2F72 /* ScrumdingerUITests.swift */; };
		E161A744259CE1CA00EF2F72 /* DailyScrum.swift in Sources */ = {isa = PBXBuildFile; fileRef = E161A743259CE1CA00EF2F72 /* DailyScrum.swift */; };
		E161A74D259CE31800EF2F72 /* Color+Codable.swift in Sources */ = {isa = PBXBuildFile; fileRef = E161A74C259CE31800EF2F72 /* Color+Codable.swift */; };
		E161A756259CE46800EF2F72 /* CardView.swift in Sources */ = {isa = PBXBuildFile; fileRef = E161A755259CE46800EF2F72 /* CardView.swift */; };
		E161A75C259CEFED00EF2F72 /* ScrumsView.swift in Sources */ = {isa = PBXBuildFile; fileRef = E161A75B259CEFEC00EF2F72 /* ScrumsView.swift */; };
		E161A777259DEEDD00EF2F72 /* DetailView.swift in Sources */ = {isa = PBXBuildFile; fileRef = E161A776259DEEDD00EF2F72 /* DetailView.swift */; };
		E161A782259E44AF00EF2F72 /* EditView.swift in Sources */ = {isa = PBXBuildFile; fileRef = E161A781259E44AF00EF2F72 /* EditView.swift */; };
/* End PBXBuildFile section */

/* Begin PBXContainerItemProxy section */
		E161A71E259BCB0000EF2F72 /* PBXContainerItemProxy */ = {
			isa = PBXContainerItemProxy;
			containerPortal = E161A704259BCAFC00EF2F72 /* Project object */;
			proxyType = 1;
			remoteGlobalIDString = E161A70B259BCAFC00EF2F72;
			remoteInfo = Scrumdinger;
		};
		E161A729259BCB0000EF2F72 /* PBXContainerItemProxy */ = {
			isa = PBXContainerItemProxy;
			containerPortal = E161A704259BCAFC00EF2F72 /* Project object */;
			proxyType = 1;
			remoteGlobalIDString = E161A70B259BCAFC00EF2F72;
			remoteInfo = Scrumdinger;
		};
/* End PBXContainerItemProxy section */

/* Begin PBXFileReference section */
		E13E123225A38E110049E702 /* MeetingHeaderView.swift */ = {isa = PBXFileReference; lastKnownFileType = sourcecode.swift; path = MeetingHeaderView.swift; sourceTree = "<group>"; };
		E13E123825A395E00049E702 /* ScrumProgressViewStyle.swift */ = {isa = PBXFileReference; fileEncoding = 4; lastKnownFileType = sourcecode.swift; path = ScrumProgressViewStyle.swift; sourceTree = "<group>"; };
		E13E123D25A4CD8C0049E702 /* ScrumTimer.swift */ = {isa = PBXFileReference; fileEncoding = 4; lastKnownFileType = sourcecode.swift; path = ScrumTimer.swift; sourceTree = "<group>"; };
		E13E124225A4D4510049E702 /* MeetingFooterView.swift */ = {isa = PBXFileReference; lastKnownFileType = sourcecode.swift; path = MeetingFooterView.swift; sourceTree = "<group>"; };
		E161A70C259BCAFC00EF2F72 /* Scrumdinger.app */ = {isa = PBXFileReference; explicitFileType = wrapper.application; includeInIndex = 0; path = Scrumdinger.app; sourceTree = BUILT_PRODUCTS_DIR; };
		E161A70F259BCAFC00EF2F72 /* ScrumdingerApp.swift */ = {isa = PBXFileReference; lastKnownFileType = sourcecode.swift; path = ScrumdingerApp.swift; sourceTree = "<group>"; };
		E161A711259BCAFC00EF2F72 /* MeetingView.swift */ = {isa = PBXFileReference; lastKnownFileType = sourcecode.swift; path = MeetingView.swift; sourceTree = "<group>"; };
		E161A713259BCAFF00EF2F72 /* Assets.xcassets */ = {isa = PBXFileReference; lastKnownFileType = folder.assetcatalog; path = Assets.xcassets; sourceTree = "<group>"; };
		E161A716259BCAFF00EF2F72 /* Preview Assets.xcassets */ = {isa = PBXFileReference; lastKnownFileType = folder.assetcatalog; path = "Preview Assets.xcassets"; sourceTree = "<group>"; };
		E161A718259BCAFF00EF2F72 /* Info.plist */ = {isa = PBXFileReference; lastKnownFileType = text.plist.xml; path = Info.plist; sourceTree = "<group>"; };
		E161A71D259BCB0000EF2F72 /* ScrumdingerTests.xctest */ = {isa = PBXFileReference; explicitFileType = wrapper.cfbundle; includeInIndex = 0; path = ScrumdingerTests.xctest; sourceTree = BUILT_PRODUCTS_DIR; };
		E161A721259BCB0000EF2F72 /* ScrumdingerTests.swift */ = {isa = PBXFileReference; lastKnownFileType = sourcecode.swift; path = ScrumdingerTests.swift; sourceTree = "<group>"; };
		E161A723259BCB0000EF2F72 /* Info.plist */ = {isa = PBXFileReference; lastKnownFileType = text.plist.xml; path = Info.plist; sourceTree = "<group>"; };
		E161A728259BCB0000EF2F72 /* ScrumdingerUITests.xctest */ = {isa = PBXFileReference; explicitFileType = wrapper.cfbundle; includeInIndex = 0; path = ScrumdingerUITests.xctest; sourceTree = BUILT_PRODUCTS_DIR; };
		E161A72C259BCB0000EF2F72 /* ScrumdingerUITests.swift */ = {isa = PBXFileReference; lastKnownFileType = sourcecode.swift; path = ScrumdingerUITests.swift; sourceTree = "<group>"; };
		E161A72E259BCB0000EF2F72 /* Info.plist */ = {isa = PBXFileReference; lastKnownFileType = text.plist.xml; path = Info.plist; sourceTree = "<group>"; };
		E161A743259CE1CA00EF2F72 /* DailyScrum.swift */ = {isa = PBXFileReference; lastKnownFileType = sourcecode.swift; path = DailyScrum.swift; sourceTree = "<group>"; };
		E161A74C259CE31800EF2F72 /* Color+Codable.swift */ = {isa = PBXFileReference; fileEncoding = 4; lastKnownFileType = sourcecode.swift; path = "Color+Codable.swift"; sourceTree = "<group>"; };
		E161A755259CE46800EF2F72 /* CardView.swift */ = {isa = PBXFileReference; lastKnownFileType = sourcecode.swift; path = CardView.swift; sourceTree = "<group>"; };
		E161A75B259CEFEC00EF2F72 /* ScrumsView.swift */ = {isa = PBXFileReference; lastKnownFileType = sourcecode.swift; path = ScrumsView.swift; sourceTree = "<group>"; };
		E161A776259DEEDD00EF2F72 /* DetailView.swift */ = {isa = PBXFileReference; lastKnownFileType = sourcecode.swift; path = DetailView.swift; sourceTree = "<group>"; };
		E161A781259E44AF00EF2F72 /* EditView.swift */ = {isa = PBXFileReference; lastKnownFileType = sourcecode.swift; path = EditView.swift; sourceTree = "<group>"; };
/* End PBXFileReference section */

/* Begin PBXFrameworksBuildPhase section */
		E161A709259BCAFC00EF2F72 /* Frameworks */ = {
			isa = PBXFrameworksBuildPhase;
			buildActionMask = 2147483647;
			files = (
			);
			runOnlyForDeploymentPostprocessing = 0;
		};
		E161A71A259BCB0000EF2F72 /* Frameworks */ = {
			isa = PBXFrameworksBuildPhase;
			buildActionMask = 2147483647;
			files = (
			);
			runOnlyForDeploymentPostprocessing = 0;
		};
		E161A725259BCB0000EF2F72 /* Frameworks */ = {
			isa = PBXFrameworksBuildPhase;
			buildActionMask = 2147483647;
			files = (
			);
			runOnlyForDeploymentPostprocessing = 0;
		};
/* End PBXFrameworksBuildPhase section */

/* Begin PBXGroup section */
		E161A703259BCAFC00EF2F72 = {
			isa = PBXGroup;
			children = (
				E161A70E259BCAFC00EF2F72 /* Scrumdinger */,
				E161A720259BCB0000EF2F72 /* ScrumdingerTests */,
				E161A72B259BCB0000EF2F72 /* ScrumdingerUITests */,
				E161A70D259BCAFC00EF2F72 /* Products */,
			);
			sourceTree = "<group>";
		};
		E161A70D259BCAFC00EF2F72 /* Products */ = {
			isa = PBXGroup;
			children = (
				E161A70C259BCAFC00EF2F72 /* Scrumdinger.app */,
				E161A71D259BCB0000EF2F72 /* ScrumdingerTests.xctest */,
				E161A728259BCB0000EF2F72 /* ScrumdingerUITests.xctest */,
			);
			name = Products;
			sourceTree = "<group>";
		};
		E161A70E259BCAFC00EF2F72 /* Scrumdinger */ = {
			isa = PBXGroup;
			children = (
				E161A70F259BCAFC00EF2F72 /* ScrumdingerApp.swift */,
				E161A751259CE45300EF2F72 /* Views */,
				E161A713259BCAFF00EF2F72 /* Assets.xcassets */,
				E161A718259BCAFF00EF2F72 /* Info.plist */,
				E161A715259BCAFF00EF2F72 /* Preview Content */,
				E161A748259CE1D000EF2F72 /* Models */,
			);
			path = Scrumdinger;
			sourceTree = "<group>";
		};
		E161A715259BCAFF00EF2F72 /* Preview Content */ = {
			isa = PBXGroup;
			children = (
				E161A716259BCAFF00EF2F72 /* Preview Assets.xcassets */,
			);
			path = "Preview Content";
			sourceTree = "<group>";
		};
		E161A720259BCB0000EF2F72 /* ScrumdingerTests */ = {
			isa = PBXGroup;
			children = (
				E161A721259BCB0000EF2F72 /* ScrumdingerTests.swift */,
				E161A723259BCB0000EF2F72 /* Info.plist */,
			);
			path = ScrumdingerTests;
			sourceTree = "<group>";
		};
		E161A72B259BCB0000EF2F72 /* ScrumdingerUITests */ = {
			isa = PBXGroup;
			children = (
				E161A72C259BCB0000EF2F72 /* ScrumdingerUITests.swift */,
				E161A72E259BCB0000EF2F72 /* Info.plist */,
			);
			path = ScrumdingerUITests;
			sourceTree = "<group>";
		};
		E161A748259CE1D000EF2F72 /* Models */ = {
			isa = PBXGroup;
			children = (
				E13E123D25A4CD8C0049E702 /* ScrumTimer.swift */,
				E161A743259CE1CA00EF2F72 /* DailyScrum.swift */,
				E161A74C259CE31800EF2F72 /* Color+Codable.swift */,
			);
			path = Models;
			sourceTree = "<group>";
		};
		E161A751259CE45300EF2F72 /* Views */ = {
			isa = PBXGroup;
			children = (
				E13E123825A395E00049E702 /* ScrumProgressViewStyle.swift */,
				E161A711259BCAFC00EF2F72 /* MeetingView.swift */,
				E161A755259CE46800EF2F72 /* CardView.swift */,
				E161A75B259CEFEC00EF2F72 /* ScrumsView.swift */,
				E161A776259DEEDD00EF2F72 /* DetailView.swift */,
				E161A781259E44AF00EF2F72 /* EditView.swift */,
				E13E123225A38E110049E702 /* MeetingHeaderView.swift */,
				E13E124225A4D4510049E702 /* MeetingFooterView.swift */,
			);
			path = Views;
			sourceTree = "<group>";
		};
/* End PBXGroup section */

/* Begin PBXNativeTarget section */
		E161A70B259BCAFC00EF2F72 /* Scrumdinger */ = {
			isa = PBXNativeTarget;
			buildConfigurationList = E161A731259BCB0000EF2F72 /* Build configuration list for PBXNativeTarget "Scrumdinger" */;
			buildPhases = (
				E161A708259BCAFC00EF2F72 /* Sources */,
				E161A709259BCAFC00EF2F72 /* Frameworks */,
				E161A70A259BCAFC00EF2F72 /* Resources */,
			);
			buildRules = (
			);
			dependencies = (
			);
			name = Scrumdinger;
			productName = Scrumdinger;
			productReference = E161A70C259BCAFC00EF2F72 /* Scrumdinger.app */;
			productType = "com.apple.product-type.application";
		};
		E161A71C259BCB0000EF2F72 /* ScrumdingerTests */ = {
			isa = PBXNativeTarget;
			buildConfigurationList = E161A734259BCB0000EF2F72 /* Build configuration list for PBXNativeTarget "ScrumdingerTests" */;
			buildPhases = (
				E161A719259BCB0000EF2F72 /* Sources */,
				E161A71A259BCB0000EF2F72 /* Frameworks */,
				E161A71B259BCB0000EF2F72 /* Resources */,
			);
			buildRules = (
			);
			dependencies = (
				E161A71F259BCB0000EF2F72 /* PBXTargetDependency */,
			);
			name = ScrumdingerTests;
			productName = ScrumdingerTests;
			productReference = E161A71D259BCB0000EF2F72 /* ScrumdingerTests.xctest */;
			productType = "com.apple.product-type.bundle.unit-test";
		};
		E161A727259BCB0000EF2F72 /* ScrumdingerUITests */ = {
			isa = PBXNativeTarget;
			buildConfigurationList = E161A737259BCB0000EF2F72 /* Build configuration list for PBXNativeTarget "ScrumdingerUITests" */;
			buildPhases = (
				E161A724259BCB0000EF2F72 /* Sources */,
				E161A725259BCB0000EF2F72 /* Frameworks */,
				E161A726259BCB0000EF2F72 /* Resources */,
			);
			buildRules = (
			);
			dependencies = (
				E161A72A259BCB0000EF2F72 /* PBXTargetDependency */,
			);
			name = ScrumdingerUITests;
			productName = ScrumdingerUITests;
			productReference = E161A728259BCB0000EF2F72 /* ScrumdingerUITests.xctest */;
			productType = "com.apple.product-type.bundle.ui-testing";
		};
/* End PBXNativeTarget section */

/* Begin PBXProject section */
		E161A704259BCAFC00EF2F72 /* Project object */ = {
			isa = PBXProject;
			attributes = {
				LastSwiftUpdateCheck = 1220;
				LastUpgradeCheck = 1220;
				TargetAttributes = {
					E161A70B259BCAFC00EF2F72 = {
						CreatedOnToolsVersion = 12.2;
					};
					E161A71C259BCB0000EF2F72 = {
						CreatedOnToolsVersion = 12.2;
						TestTargetID = E161A70B259BCAFC00EF2F72;
					};
					E161A727259BCB0000EF2F72 = {
						CreatedOnToolsVersion = 12.2;
						TestTargetID = E161A70B259BCAFC00EF2F72;
					};
				};
			};
			buildConfigurationList = E161A707259BCAFC00EF2F72 /* Build configuration list for PBXProject "Scrumdinger" */;
			compatibilityVersion = "Xcode 9.3";
			developmentRegion = en;
			hasScannedForEncodings = 0;
			knownRegions = (
				en,
				Base,
			);
			mainGroup = E161A703259BCAFC00EF2F72;
			productRefGroup = E161A70D259BCAFC00EF2F72 /* Products */;
			projectDirPath = "";
			projectRoot = "";
			targets = (
				E161A70B259BCAFC00EF2F72 /* Scrumdinger */,
				E161A71C259BCB0000EF2F72 /* ScrumdingerTests */,
				E161A727259BCB0000EF2F72 /* ScrumdingerUITests */,
			);
		};
/* End PBXProject section */

/* Begin PBXResourcesBuildPhase section */
		E161A70A259BCAFC00EF2F72 /* Resources */ = {
			isa = PBXResourcesBuildPhase;
			buildActionMask = 2147483647;
			files = (
				E161A717259BCAFF00EF2F72 /* Preview Assets.xcassets in Resources */,
				E161A714259BCAFF00EF2F72 /* Assets.xcassets in Resources */,
			);
			runOnlyForDeploymentPostprocessing = 0;
		};
		E161A71B259BCB0000EF2F72 /* Resources */ = {
			isa = PBXResourcesBuildPhase;
			buildActionMask = 2147483647;
			files = (
			);
			runOnlyForDeploymentPostprocessing = 0;
		};
		E161A726259BCB0000EF2F72 /* Resources */ = {
			isa = PBXResourcesBuildPhase;
			buildActionMask = 2147483647;
			files = (
			);
			runOnlyForDeploymentPostprocessing = 0;
		};
/* End PBXResourcesBuildPhase section */

/* Begin PBXSourcesBuildPhase section */
		E161A708259BCAFC00EF2F72 /* Sources */ = {
			isa = PBXSourcesBuildPhase;
			buildActionMask = 2147483647;
			files = (
				E161A712259BCAFC00EF2F72 /* MeetingView.swift in Sources */,
				E161A75C259CEFED00EF2F72 /* ScrumsView.swift in Sources */,
				E161A782259E44AF00EF2F72 /* EditView.swift in Sources */,
				E13E123325A38E110049E702 /* MeetingHeaderView.swift in Sources */,
				E161A744259CE1CA00EF2F72 /* DailyScrum.swift in Sources */,
				E13E124325A4D4510049E702 /* MeetingFooterView.swift in Sources */,
				E161A74D259CE31800EF2F72 /* Color+Codable.swift in Sources */,
				E13E123E25A4CD8C0049E702 /* ScrumTimer.swift in Sources */,
				E161A710259BCAFC00EF2F72 /* ScrumdingerApp.swift in Sources */,
				E161A756259CE46800EF2F72 /* CardView.swift in Sources */,
				E13E123925A395E00049E702 /* ScrumProgressViewStyle.swift in Sources */,
				E161A777259DEEDD00EF2F72 /* DetailView.swift in Sources */,
			);
			runOnlyForDeploymentPostprocessing = 0;
		};
		E161A719259BCB0000EF2F72 /* Sources */ = {
			isa = PBXSourcesBuildPhase;
			buildActionMask = 2147483647;
			files = (
				E161A722259BCB0000EF2F72 /* ScrumdingerTests.swift in Sources */,
			);
			runOnlyForDeploymentPostprocessing = 0;
		};
		E161A724259BCB0000EF2F72 /* Sources */ = {
			isa = PBXSourcesBuildPhase;
			buildActionMask = 2147483647;
			files = (
				E161A72D259BCB0000EF2F72 /* ScrumdingerUITests.swift in Sources */,
			);
			runOnlyForDeploymentPostprocessing = 0;
		};
/* End PBXSourcesBuildPhase section */

/* Begin PBXTargetDependency section */
		E161A71F259BCB0000EF2F72 /* PBXTargetDependency */ = {
			isa = PBXTargetDependency;
			target = E161A70B259BCAFC00EF2F72 /* Scrumdinger */;
			targetProxy = E161A71E259BCB0000EF2F72 /* PBXContainerItemProxy */;
		};
		E161A72A259BCB0000EF2F72 /* PBXTargetDependency */ = {
			isa = PBXTargetDependency;
			target = E161A70B259BCAFC00EF2F72 /* Scrumdinger */;
			targetProxy = E161A729259BCB0000EF2F72 /* PBXContainerItemProxy */;
		};
/* End PBXTargetDependency section */

/* Begin XCBuildConfiguration section */
		E161A72F259BCB0000EF2F72 /* Debug */ = {
			isa = XCBuildConfiguration;
			buildSettings = {
				ALWAYS_SEARCH_USER_PATHS = NO;
				CLANG_ANALYZER_NONNULL = YES;
				CLANG_ANALYZER_NUMBER_OBJECT_CONVERSION = YES_AGGRESSIVE;
				CLANG_CXX_LANGUAGE_STANDARD = "gnu++14";
				CLANG_CXX_LIBRARY = "libc++";
				CLANG_ENABLE_MODULES = YES;
				CLANG_ENABLE_OBJC_ARC = YES;
				CLANG_ENABLE_OBJC_WEAK = YES;
				CLANG_WARN_BLOCK_CAPTURE_AUTORELEASING = YES;
				CLANG_WARN_BOOL_CONVERSION = YES;
				CLANG_WARN_COMMA = YES;
				CLANG_WARN_CONSTANT_CONVERSION = YES;
				CLANG_WARN_DEPRECATED_OBJC_IMPLEMENTATIONS = YES;
				CLANG_WARN_DIRECT_OBJC_ISA_USAGE = YES_ERROR;
				CLANG_WARN_DOCUMENTATION_COMMENTS = YES;
				CLANG_WARN_EMPTY_BODY = YES;
				CLANG_WARN_ENUM_CONVERSION = YES;
				CLANG_WARN_INFINITE_RECURSION = YES;
				CLANG_WARN_INT_CONVERSION = YES;
				CLANG_WARN_NON_LITERAL_NULL_CONVERSION = YES;
				CLANG_WARN_OBJC_IMPLICIT_RETAIN_SELF = YES;
				CLANG_WARN_OBJC_LITERAL_CONVERSION = YES;
				CLANG_WARN_OBJC_ROOT_CLASS = YES_ERROR;
				CLANG_WARN_QUOTED_INCLUDE_IN_FRAMEWORK_HEADER = YES;
				CLANG_WARN_RANGE_LOOP_ANALYSIS = YES;
				CLANG_WARN_STRICT_PROTOTYPES = YES;
				CLANG_WARN_SUSPICIOUS_MOVE = YES;
				CLANG_WARN_UNGUARDED_AVAILABILITY = YES_AGGRESSIVE;
				CLANG_WARN_UNREACHABLE_CODE = YES;
				CLANG_WARN__DUPLICATE_METHOD_MATCH = YES;
				COPY_PHASE_STRIP = NO;
				DEBUG_INFORMATION_FORMAT = dwarf;
				ENABLE_STRICT_OBJC_MSGSEND = YES;
				ENABLE_TESTABILITY = YES;
				GCC_C_LANGUAGE_STANDARD = gnu11;
				GCC_DYNAMIC_NO_PIC = NO;
				GCC_NO_COMMON_BLOCKS = YES;
				GCC_OPTIMIZATION_LEVEL = 0;
				GCC_PREPROCESSOR_DEFINITIONS = (
					"DEBUG=1",
					"$(inherited)",
				);
				GCC_WARN_64_TO_32_BIT_CONVERSION = YES;
				GCC_WARN_ABOUT_RETURN_TYPE = YES_ERROR;
				GCC_WARN_UNDECLARED_SELECTOR = YES;
				GCC_WARN_UNINITIALIZED_AUTOS = YES_AGGRESSIVE;
				GCC_WARN_UNUSED_FUNCTION = YES;
				GCC_WARN_UNUSED_VARIABLE = YES;
				IPHONEOS_DEPLOYMENT_TARGET = 14.2;
				MTL_ENABLE_DEBUG_INFO = INCLUDE_SOURCE;
				MTL_FAST_MATH = YES;
				ONLY_ACTIVE_ARCH = YES;
				SDKROOT = iphoneos;
				SWIFT_ACTIVE_COMPILATION_CONDITIONS = DEBUG;
				SWIFT_OPTIMIZATION_LEVEL = "-Onone";
			};
			name = Debug;
		};
		E161A730259BCB0000EF2F72 /* Release */ = {
			isa = XCBuildConfiguration;
			buildSettings = {
				ALWAYS_SEARCH_USER_PATHS = NO;
				CLANG_ANALYZER_NONNULL = YES;
				CLANG_ANALYZER_NUMBER_OBJECT_CONVERSION = YES_AGGRESSIVE;
				CLANG_CXX_LANGUAGE_STANDARD = "gnu++14";
				CLANG_CXX_LIBRARY = "libc++";
				CLANG_ENABLE_MODULES = YES;
				CLANG_ENABLE_OBJC_ARC = YES;
				CLANG_ENABLE_OBJC_WEAK = YES;
				CLANG_WARN_BLOCK_CAPTURE_AUTORELEASING = YES;
				CLANG_WARN_BOOL_CONVERSION = YES;
				CLANG_WARN_COMMA = YES;
				CLANG_WARN_CONSTANT_CONVERSION = YES;
				CLANG_WARN_DEPRECATED_OBJC_IMPLEMENTATIONS = YES;
				CLANG_WARN_DIRECT_OBJC_ISA_USAGE = YES_ERROR;
				CLANG_WARN_DOCUMENTATION_COMMENTS = YES;
				CLANG_WARN_EMPTY_BODY = YES;
				CLANG_WARN_ENUM_CONVERSION = YES;
				CLANG_WARN_INFINITE_RECURSION = YES;
				CLANG_WARN_INT_CONVERSION = YES;
				CLANG_WARN_NON_LITERAL_NULL_CONVERSION = YES;
				CLANG_WARN_OBJC_IMPLICIT_RETAIN_SELF = YES;
				CLANG_WARN_OBJC_LITERAL_CONVERSION = YES;
				CLANG_WARN_OBJC_ROOT_CLASS = YES_ERROR;
				CLANG_WARN_QUOTED_INCLUDE_IN_FRAMEWORK_HEADER = YES;
				CLANG_WARN_RANGE_LOOP_ANALYSIS = YES;
				CLANG_WARN_STRICT_PROTOTYPES = YES;
				CLANG_WARN_SUSPICIOUS_MOVE = YES;
				CLANG_WARN_UNGUARDED_AVAILABILITY = YES_AGGRESSIVE;
				CLANG_WARN_UNREACHABLE_CODE = YES;
				CLANG_WARN__DUPLICATE_METHOD_MATCH = YES;
				COPY_PHASE_STRIP = NO;
				DEBUG_INFORMATION_FORMAT = "dwarf-with-dsym";
				ENABLE_NS_ASSERTIONS = NO;
				ENABLE_STRICT_OBJC_MSGSEND = YES;
				GCC_C_LANGUAGE_STANDARD = gnu11;
				GCC_NO_COMMON_BLOCKS = YES;
				GCC_WARN_64_TO_32_BIT_CONVERSION = YES;
				GCC_WARN_ABOUT_RETURN_TYPE = YES_ERROR;
				GCC_WARN_UNDECLARED_SELECTOR = YES;
				GCC_WARN_UNINITIALIZED_AUTOS = YES_AGGRESSIVE;
				GCC_WARN_UNUSED_FUNCTION = YES;
				GCC_WARN_UNUSED_VARIABLE = YES;
				IPHONEOS_DEPLOYMENT_TARGET = 14.2;
				MTL_ENABLE_DEBUG_INFO = NO;
				MTL_FAST_MATH = YES;
				SDKROOT = iphoneos;
				SWIFT_COMPILATION_MODE = wholemodule;
				SWIFT_OPTIMIZATION_LEVEL = "-O";
				VALIDATE_PRODUCT = YES;
			};
			name = Release;
		};
		E161A732259BCB0000EF2F72 /* Debug */ = {
			isa = XCBuildConfiguration;
			buildSettings = {
				ASSETCATALOG_COMPILER_APPICON_NAME = AppIcon;
				ASSETCATALOG_COMPILER_GLOBAL_ACCENT_COLOR_NAME = AccentColor;
				CODE_SIGN_STYLE = Automatic;
				DEVELOPMENT_ASSET_PATHS = "\"Scrumdinger/Preview Content\"";
				DEVELOPMENT_TEAM = T6T6SV744W;
				ENABLE_PREVIEWS = YES;
				INFOPLIST_FILE = Scrumdinger/Info.plist;
				IPHONEOS_DEPLOYMENT_TARGET = 14.0;
				LD_RUNPATH_SEARCH_PATHS = (
					"$(inherited)",
					"@executable_path/Frameworks",
				);
				PRODUCT_BUNDLE_IDENTIFIER = KaJot.Scrumdinger;
				PRODUCT_NAME = "$(TARGET_NAME)";
				SWIFT_VERSION = 5.0;
				TARGETED_DEVICE_FAMILY = "1,2";
			};
			name = Debug;
		};
		E161A733259BCB0000EF2F72 /* Release */ = {
			isa = XCBuildConfiguration;
			buildSettings = {
				ASSETCATALOG_COMPILER_APPICON_NAME = AppIcon;
				ASSETCATALOG_COMPILER_GLOBAL_ACCENT_COLOR_NAME = AccentColor;
				CODE_SIGN_STYLE = Automatic;
				DEVELOPMENT_ASSET_PATHS = "\"Scrumdinger/Preview Content\"";
				DEVELOPMENT_TEAM = T6T6SV744W;
				ENABLE_PREVIEWS = YES;
				INFOPLIST_FILE = Scrumdinger/Info.plist;
				IPHONEOS_DEPLOYMENT_TARGET = 14.0;
				LD_RUNPATH_SEARCH_PATHS = (
					"$(inherited)",
					"@executable_path/Frameworks",
				);
				PRODUCT_BUNDLE_IDENTIFIER = KaJot.Scrumdinger;
				PRODUCT_NAME = "$(TARGET_NAME)";
				SWIFT_VERSION = 5.0;
				TARGETED_DEVICE_FAMILY = "1,2";
			};
			name = Release;
		};
		E161A735259BCB0000EF2F72 /* Debug */ = {
			isa = XCBuildConfiguration;
			buildSettings = {
				ALWAYS_EMBED_SWIFT_STANDARD_LIBRARIES = YES;
				BUNDLE_LOADER = "$(TEST_HOST)";
				CODE_SIGN_STYLE = Automatic;
				DEVELOPMENT_TEAM = T6T6SV744W;
				INFOPLIST_FILE = ScrumdingerTests/Info.plist;
				IPHONEOS_DEPLOYMENT_TARGET = 14.0;
				LD_RUNPATH_SEARCH_PATHS = (
					"$(inherited)",
					"@executable_path/Frameworks",
					"@loader_path/Frameworks",
				);
				PRODUCT_BUNDLE_IDENTIFIER = KaJot.ScrumdingerTests;
				PRODUCT_NAME = "$(TARGET_NAME)";
				SWIFT_VERSION = 5.0;
				TARGETED_DEVICE_FAMILY = "1,2";
				TEST_HOST = "$(BUILT_PRODUCTS_DIR)/Scrumdinger.app/Scrumdinger";
			};
			name = Debug;
		};
		E161A736259BCB0000EF2F72 /* Release */ = {
			isa = XCBuildConfiguration;
			buildSettings = {
				ALWAYS_EMBED_SWIFT_STANDARD_LIBRARIES = YES;
				BUNDLE_LOADER = "$(TEST_HOST)";
				CODE_SIGN_STYLE = Automatic;
				DEVELOPMENT_TEAM = T6T6SV744W;
				INFOPLIST_FILE = ScrumdingerTests/Info.plist;
				IPHONEOS_DEPLOYMENT_TARGET = 14.0;
				LD_RUNPATH_SEARCH_PATHS = (
					"$(inherited)",
					"@executable_path/Frameworks",
					"@loader_path/Frameworks",
				);
				PRODUCT_BUNDLE_IDENTIFIER = KaJot.ScrumdingerTests;
				PRODUCT_NAME = "$(TARGET_NAME)";
				SWIFT_VERSION = 5.0;
				TARGETED_DEVICE_FAMILY = "1,2";
				TEST_HOST = "$(BUILT_PRODUCTS_DIR)/Scrumdinger.app/Scrumdinger";
			};
			name = Release;
		};
		E161A738259BCB0000EF2F72 /* Debug */ = {
			isa = XCBuildConfiguration;
			buildSettings = {
				ALWAYS_EMBED_SWIFT_STANDARD_LIBRARIES = YES;
				CODE_SIGN_STYLE = Automatic;
				DEVELOPMENT_TEAM = T6T6SV744W;
				INFOPLIST_FILE = ScrumdingerUITests/Info.plist;
				LD_RUNPATH_SEARCH_PATHS = (
					"$(inherited)",
					"@executable_path/Frameworks",
					"@loader_path/Frameworks",
				);
				PRODUCT_BUNDLE_IDENTIFIER = KaJot.ScrumdingerUITests;
				PRODUCT_NAME = "$(TARGET_NAME)";
				SWIFT_VERSION = 5.0;
				TARGETED_DEVICE_FAMILY = "1,2";
				TEST_TARGET_NAME = Scrumdinger;
			};
			name = Debug;
		};
		E161A739259BCB0000EF2F72 /* Release */ = {
			isa = XCBuildConfiguration;
			buildSettings = {
				ALWAYS_EMBED_SWIFT_STANDARD_LIBRARIES = YES;
				CODE_SIGN_STYLE = Automatic;
				DEVELOPMENT_TEAM = T6T6SV744W;
				INFOPLIST_FILE = ScrumdingerUITests/Info.plist;
				LD_RUNPATH_SEARCH_PATHS = (
					"$(inherited)",
					"@executable_path/Frameworks",
					"@loader_path/Frameworks",
				);
				PRODUCT_BUNDLE_IDENTIFIER = KaJot.ScrumdingerUITests;
				PRODUCT_NAME = "$(TARGET_NAME)";
				SWIFT_VERSION = 5.0;
				TARGETED_DEVICE_FAMILY = "1,2";
				TEST_TARGET_NAME = Scrumdinger;
			};
			name = Release;
		};
/* End XCBuildConfiguration section */

/* Begin XCConfigurationList section */
		E161A707259BCAFC00EF2F72 /* Build configuration list for PBXProject "Scrumdinger" */ = {
			isa = XCConfigurationList;
			buildConfigurations = (
				E161A72F259BCB0000EF2F72 /* Debug */,
				E161A730259BCB0000EF2F72 /* Release */,
			);
			defaultConfigurationIsVisible = 0;
			defaultConfigurationName = Release;
		};
		E161A731259BCB0000EF2F72 /* Build configuration list for PBXNativeTarget "Scrumdinger" */ = {
			isa = XCConfigurationList;
			buildConfigurations = (
				E161A732259BCB0000EF2F72 /* Debug */,
				E161A733259BCB0000EF2F72 /* Release */,
			);
			defaultConfigurationIsVisible = 0;
			defaultConfigurationName = Release;
		};
		E161A734259BCB0000EF2F72 /* Build configuration list for PBXNativeTarget "ScrumdingerTests" */ = {
			isa = XCConfigurationList;
			buildConfigurations = (
				E161A735259BCB0000EF2F72 /* Debug */,
				E161A736259BCB0000EF2F72 /* Release */,
			);
			defaultConfigurationIsVisible = 0;
			defaultConfigurationName = Release;
		};
		E161A737259BCB0000EF2F72 /* Build configuration list for PBXNativeTarget "ScrumdingerUITests" */ = {
			isa = XCConfigurationList;
			buildConfigurations = (
				E161A738259BCB0000EF2F72 /* Debug */,
				E161A739259BCB0000EF2F72 /* Release */,
			);
			defaultConfigurationIsVisible = 0;
			defaultConfigurationName = Release;
		};
/* End XCConfigurationList section */
	};
	rootObject = E161A704259BCAFC00EF2F72 /* Project object */;
}
